
Microsoft Visual Studio Solution File, Format Version 12.00
# Visual Studio 2012
Project("{FAE04EC0-301F-11D3-BF4B-00C04F79EFBC}") = "Thesis_Highlight Studio", "Thesis_Highlight Studio\Thesis_Highlight Studio.csproj", "{FBA7B2FF-5AC4-4893-B845-9EBF5134FA31}"
EndProject
Project("{2150E333-8FDC-42A3-9474-1A3956D46DE8}") = ".nuget", ".nuget", "{5C01B5ED-6728-44B6-BE7A-EE47222A5DE5}"
	ProjectSection(SolutionItems) = preProject
		.nuget\packages.config = .nuget\packages.config
	EndProjectSection
EndProject
Global
	GlobalSection(SolutionConfigurationPlatforms) = preSolution
		Debug|Any CPU = Debug|Any CPU
		Release|Any CPU = Release|Any CPU
	EndGlobalSection
	GlobalSection(ProjectConfigurationPlatforms) = postSolution
		{FBA7B2FF-5AC4-4893-B845-9EBF5134FA31}.Debug|Any CPU.ActiveCfg = Debug|Any CPU
		{FBA7B2FF-5AC4-4893-B845-9EBF5134FA31}.Debug|Any CPU.Build.0 = Debug|Any CPU
		{FBA7B2FF-5AC4-4893-B845-9EBF5134FA31}.Release|Any CPU.ActiveCfg = Release|Any CPU
		{FBA7B2FF-5AC4-4893-B845-9EBF5134FA31}.Release|Any CPU.Build.0 = Release|Any CPU
	EndGlobalSection
	GlobalSection(SolutionProperties) = preSolution
		HideSolutionNode = FALSE
	EndGlobalSection
EndGlobal
